
Microsoft Visual Studio Solution File, Format Version 12.00
# Visual Studio 15
VisualStudioVersion = 15.0.28307.329
MinimumVisualStudioVersion = 10.0.40219.1
Project("{FAE04EC0-301F-11D3-BF4B-00C04F79EFBC}") = "OPPApp", "OPPApp\OPPApp.csproj", "{2ADC1CA2-2D27-4D2A-A74D-2FE1A4D78101}"
EndProject
Global
	GlobalSection(SolutionConfigurationPlatforms) = preSolution
		Debug|Any CPU = Debug|Any CPU
		Release|Any CPU = Release|Any CPU
	EndGlobalSection
	GlobalSection(ProjectConfigurationPlatforms) = postSolution
		{2ADC1CA2-2D27-4D2A-A74D-2FE1A4D78101}.Debug|Any CPU.ActiveCfg = Debug|Any CPU
		{2ADC1CA2-2D27-4D2A-A74D-2FE1A4D78101}.Debug|Any CPU.Build.0 = Debug|Any CPU
		{2ADC1CA2-2D27-4D2A-A74D-2FE1A4D78101}.Release|Any CPU.ActiveCfg = Release|Any CPU
		{2ADC1CA2-2D27-4D2A-A74D-2FE1A4D78101}.Release|Any CPU.Build.0 = Release|Any CPU
	EndGlobalSection
	GlobalSection(SolutionProperties) = preSolution
		HideSolutionNode = FALSE
	EndGlobalSection
	GlobalSection(ExtensibilityGlobals) = postSolution
		SolutionGuid = {36B7F06B-5BDA-4247-8E43-7D69F01544E2}
	EndGlobalSection
EndGlobal
